
Microsoft Visual Studio Solution File, Format Version 12.00
# Visual Studio Version 16
VisualStudioVersion = 16.0.30128.74
MinimumVisualStudioVersion = 10.0.40219.1
Project("{FAE04EC0-301F-11D3-BF4B-00C04F79EFBC}") = "BootstrapExample", "BootstrapExample.csproj", "{81EB63AE-F12F-425D-A5AB-FF8AD623460E}"
EndProject
Global
	GlobalSection(SolutionConfigurationPlatforms) = preSolution
		Debug|Any CPU = Debug|Any CPU
		Release|Any CPU = Release|Any CPU
	EndGlobalSection
	GlobalSection(ProjectConfigurationPlatforms) = postSolution
		{81EB63AE-F12F-425D-A5AB-FF8AD623460E}.Debug|Any CPU.ActiveCfg = Debug|Any CPU
		{81EB63AE-F12F-425D-A5AB-FF8AD623460E}.Debug|Any CPU.Build.0 = Debug|Any CPU
		{81EB63AE-F12F-425D-A5AB-FF8AD623460E}.Release|Any CPU.ActiveCfg = Release|Any CPU
		{81EB63AE-F12F-425D-A5AB-FF8AD623460E}.Release|Any CPU.Build.0 = Release|Any CPU
	EndGlobalSection
	GlobalSection(SolutionProperties) = preSolution
		HideSolutionNode = FALSE
	EndGlobalSection
	GlobalSection(ExtensibilityGlobals) = postSolution
		SolutionGuid = {08BA53C4-2C06-41F5-BA6B-EE73FCCE1190}
	EndGlobalSection
EndGlobal
